<?xml version="1.0" encoding="utf-8"?>
<Project ToolsVersion="4.0" xmlns="http://schemas.microsoft.com/developer/msbuild/2003">
  <ItemGroup>
    <Filter Include="Resource Files">
      <UniqueIdentifier>{67DA6AB6-F800-4c08-8B7A-83BB121AAD01}</UniqueIdentifier>
      <Extensions>rc;ico;cur;bmp;dlg;rc2;rct;bin;rgs;gif;jpg;jpeg;jpe;resx;tiff;tif;png;wav;mfcribbon-ms</Extensions>
    </Filter>
    <Filter Include="Main">
      <UniqueIdentifier>{4FC737F1-C7A5-4376-A066-2A32D752A2FF}</UniqueIdentifier>
      <Extensions>cpp;c;cc;cxx;c++;cppm;ixx;def;odl;idl;hpj;bat;asm;asmx</Extensions>
    </Filter>
    <Filter Include="Commands">
      <UniqueIdentifier>{19775264-e3df-4809-a58b-f2cf01553f7c}</UniqueIdentifier>
    </Filter>
    <Filter Include="Components">
      <UniqueIdentifier>{93995380-89BD-4b04-88EB-625FBE52EBFB}</UniqueIdentifier>
      <Extensions>h;hh;hpp;hxx;h++;hm;inl;inc;ipp;xsd</Extensions>
    </Filter>
    <Filter Include="Components\Player">
      <UniqueIdentifier>{d389523c-d6c9-48ed-a6ad-90a2dfd28a6e}</UniqueIdentifier>
    </Filter>
    <Filter Include="Components\Enemy">
      <UniqueIdentifier>{ac13a9a1-fb1b-4075-8716-496427bbee06}</UniqueIdentifier>
    </Filter>
  </ItemGroup>
  <ItemGroup>
    <ClCompile Include="Main.cpp">
      <Filter>Main</Filter>
    </ClCompile>
    <ClCompile Include="Scenes.cpp">
      <Filter>Main</Filter>
    </ClCompile>
    <ClCompile Include="Bullet.cpp">
      <Filter>Components</Filter>
    </ClCompile>
    <ClCompile Include="LifeTime.cpp">
      <Filter>Main</Filter>
    </ClCompile>
    <ClCompile Include="Health.cpp">
      <Filter>Components</Filter>
    </ClCompile>
    <ClCompile Include="WaveManager.cpp">
      <Filter>Components</Filter>
    </ClCompile>
    <ClCompile Include="PathMovement.cpp">
      <Filter>Components</Filter>
    </ClCompile>
    <ClCompile Include="PlayerAttackBehavior.cpp">
      <Filter>Components\Player</Filter>
    </ClCompile>
    <ClCompile Include="PlayerMovementBehavior.cpp">
      <Filter>Components\Player</Filter>
    </ClCompile>
    <ClCompile Include="BasicEnemyMovementBehavior.cpp">
      <Filter>Components\Enemy</Filter>
    </ClCompile>
    <ClCompile Include="BeeAttackBehavior.cpp">
      <Filter>Components\Enemy</Filter>
    </ClCompile>
    <ClCompile Include="BossGalaga.cpp">
      <Filter>Components\Enemy</Filter>
    </ClCompile>
    <ClCompile Include="EnemyCollisionComponent.cpp">
      <Filter>Components\Enemy</Filter>
    </ClCompile>
    <ClCompile Include="EnemyAttackBehavior.cpp">
      <Filter>Components\Enemy</Filter>
    </ClCompile>
    <ClCompile Include="PlayerCollisionComponent.cpp">
      <Filter>Components\Player</Filter>
    </ClCompile>
    <ClCompile Include="ButterflyAttackBehavior.cpp">
      <Filter>Components\Enemy</Filter>
    </ClCompile>
    <ClCompile Include="BossAttackBehavior.cpp">
      <Filter>Components\Enemy</Filter>
    </ClCompile>
    <ClCompile Include="TractorBeam.cpp">
      <Filter>Components\Enemy</Filter>
    </ClCompile>
    <ClCompile Include="EnemyFighter.cpp">
      <Filter>Components\Enemy</Filter>
    </ClCompile>
    <ClCompile Include="GameMaster.cpp">
      <Filter>Components</Filter>
    </ClCompile>
    <ClCompile Include="PlayerHealth.cpp">
      <Filter>Components</Filter>
    </ClCompile>
  </ItemGroup>
  <ItemGroup>
    <ClInclude Include="Scenes.h">
      <Filter>Main</Filter>
    </ClInclude>
    <ClInclude Include="GameCommands.h">
      <Filter>Commands</Filter>
    </ClInclude>
    <ClInclude Include="Bullet.h">
      <Filter>Components</Filter>
    </ClInclude>
    <ClInclude Include="WaveManager.h">
      <Filter>Components</Filter>
    </ClInclude>
    <ClInclude Include="LifeTime.h">
      <Filter>Components</Filter>
    </ClInclude>
    <ClInclude Include="PathMovement.h">
      <Filter>Components</Filter>
    </ClInclude>
    <ClInclude Include="Health.h">
      <Filter>Components</Filter>
    </ClInclude>
    <ClInclude Include="PlayerAttackBehavior.h">
      <Filter>Components\Player</Filter>
    </ClInclude>
    <ClInclude Include="PlayerMovementBehavior.h">
      <Filter>Components\Player</Filter>
    </ClInclude>
    <ClInclude Include="BasicEnemyMovementBehavior.h">
      <Filter>Components\Enemy</Filter>
    </ClInclude>
    <ClInclude Include="BeeAttackBehavior.h">
      <Filter>Components\Enemy</Filter>
    </ClInclude>
    <ClInclude Include="BossGalaga.h">
      <Filter>Components\Enemy</Filter>
    </ClInclude>
    <ClInclude Include="EnemyCollisionComponent.h">
      <Filter>Components\Enemy</Filter>
    </ClInclude>
    <ClInclude Include="EnemyAttackBehavior.h">
      <Filter>Components\Enemy</Filter>
    </ClInclude>
    <ClInclude Include="PlayerCollisionComponent.h">
      <Filter>Components\Player</Filter>
    </ClInclude>
    <ClInclude Include="ButterflyAttackBehavior.h">
      <Filter>Components\Enemy</Filter>
    </ClInclude>
    <ClInclude Include="BossAttackBehavior.h">
      <Filter>Components\Enemy</Filter>
    </ClInclude>
    <ClInclude Include="TractorBeam.h">
      <Filter>Components\Enemy</Filter>
    </ClInclude>
    <ClInclude Include="EnemyFighter.h">
      <Filter>Components\Enemy</Filter>
    </ClInclude>
    <ClInclude Include="GameMaster.h">
      <Filter>Components</Filter>
    </ClInclude>
    <ClInclude Include="PlayerHealth.h">
      <Filter>Components</Filter>
    </ClInclude>
  </ItemGroup>
</Project>